
Microsoft Visual Studio Solution File, Format Version 12.00
# Visual Studio Version 17
VisualStudioVersion = 17.2.32630.192
MinimumVisualStudioVersion = 10.0.40219.1
Project("{FAE04EC0-301F-11D3-BF4B-00C04F79EFBC}") = "BussinessObjects", "BussinessObjects\BussinessObjects.csproj", "{311190E7-F34F-4A38-96DA-C56D9D499CEE}"
EndProject
Project("{FAE04EC0-301F-11D3-BF4B-00C04F79EFBC}") = "Repositories", "Repository\Repositories.csproj", "{3502AB68-5C97-4741-BCB2-2FCE8055A315}"
EndProject
Project("{FAE04EC0-301F-11D3-BF4B-00C04F79EFBC}") = "Services", "Services\Services.csproj", "{77070DD2-B713-4CC9-83CB-D1B60B64B9FE}"
EndProject
Project("{FAE04EC0-301F-11D3-BF4B-00C04F79EFBC}") = "APIControllers", "APIControllers\APIControllers.csproj", "{F54398EF-AF95-4F0B-950E-E2A7D471AF23}"
EndProject
Global
	GlobalSection(SolutionConfigurationPlatforms) = preSolution
		Debug|Any CPU = Debug|Any CPU
		Release|Any CPU = Release|Any CPU
	EndGlobalSection
	GlobalSection(ProjectConfigurationPlatforms) = postSolution
		{311190E7-F34F-4A38-96DA-C56D9D499CEE}.Debug|Any CPU.ActiveCfg = Debug|Any CPU
		{311190E7-F34F-4A38-96DA-C56D9D499CEE}.Debug|Any CPU.Build.0 = Debug|Any CPU
		{311190E7-F34F-4A38-96DA-C56D9D499CEE}.Release|Any CPU.ActiveCfg = Release|Any CPU
		{311190E7-F34F-4A38-96DA-C56D9D499CEE}.Release|Any CPU.Build.0 = Release|Any CPU
		{3502AB68-5C97-4741-BCB2-2FCE8055A315}.Debug|Any CPU.ActiveCfg = Debug|Any CPU
		{3502AB68-5C97-4741-BCB2-2FCE8055A315}.Debug|Any CPU.Build.0 = Debug|Any CPU
		{3502AB68-5C97-4741-BCB2-2FCE8055A315}.Release|Any CPU.ActiveCfg = Release|Any CPU
		{3502AB68-5C97-4741-BCB2-2FCE8055A315}.Release|Any CPU.Build.0 = Release|Any CPU
		{77070DD2-B713-4CC9-83CB-D1B60B64B9FE}.Debug|Any CPU.ActiveCfg = Debug|Any CPU
		{77070DD2-B713-4CC9-83CB-D1B60B64B9FE}.Debug|Any CPU.Build.0 = Debug|Any CPU
		{77070DD2-B713-4CC9-83CB-D1B60B64B9FE}.Release|Any CPU.ActiveCfg = Release|Any CPU
		{77070DD2-B713-4CC9-83CB-D1B60B64B9FE}.Release|Any CPU.Build.0 = Release|Any CPU
		{F54398EF-AF95-4F0B-950E-E2A7D471AF23}.Debug|Any CPU.ActiveCfg = Debug|Any CPU
		{F54398EF-AF95-4F0B-950E-E2A7D471AF23}.Debug|Any CPU.Build.0 = Debug|Any CPU
		{F54398EF-AF95-4F0B-950E-E2A7D471AF23}.Release|Any CPU.ActiveCfg = Release|Any CPU
		{F54398EF-AF95-4F0B-950E-E2A7D471AF23}.Release|Any CPU.Build.0 = Release|Any CPU
	EndGlobalSection
	GlobalSection(SolutionProperties) = preSolution
		HideSolutionNode = FALSE
	EndGlobalSection
	GlobalSection(ExtensibilityGlobals) = postSolution
		SolutionGuid = {E297A5C3-A07B-4C86-B0B0-1281F2053355}
	EndGlobalSection
EndGlobal
